
Microsoft Visual Studio Solution File, Format Version 12.00
# Visual Studio Version 17
VisualStudioVersion = 17.3.32825.248
MinimumVisualStudioVersion = 10.0.40219.1
Project("{FAE04EC0-301F-11D3-BF4B-00C04F79EFBC}") = "RoomExamplePavlova", "RoomExamplePavlova.csproj", "{C0B657AE-B4F5-4286-9015-5FD931C526E5}"
EndProject
Global
	GlobalSection(SolutionConfigurationPlatforms) = preSolution
		Debug|Any CPU = Debug|Any CPU
		Release|Any CPU = Release|Any CPU
	EndGlobalSection
	GlobalSection(ProjectConfigurationPlatforms) = postSolution
		{C0B657AE-B4F5-4286-9015-5FD931C526E5}.Debug|Any CPU.ActiveCfg = Debug|Any CPU
		{C0B657AE-B4F5-4286-9015-5FD931C526E5}.Debug|Any CPU.Build.0 = Debug|Any CPU
		{C0B657AE-B4F5-4286-9015-5FD931C526E5}.Release|Any CPU.ActiveCfg = Release|Any CPU
		{C0B657AE-B4F5-4286-9015-5FD931C526E5}.Release|Any CPU.Build.0 = Release|Any CPU
	EndGlobalSection
	GlobalSection(SolutionProperties) = preSolution
		HideSolutionNode = FALSE
	EndGlobalSection
	GlobalSection(ExtensibilityGlobals) = postSolution
		SolutionGuid = {D24CB7EC-9FE7-492A-8093-DF99C6022DB2}
	EndGlobalSection
EndGlobal
